{
  "version": 4,
  "terraform_version": "1.2.3",
  "serial": 2,
  "lineage": "7723776a-8a21-4475-cf30-1c37d805918f",
  "outputs": {
    "vpcid": {
      "value": "vpc-0b8da811de0613517",
      "type": "string"
    }
  },
  "resources": [
    {
      "mode": "managed",
      "type": "aws_vpc",
      "name": "myvpc",
      "provider": "provider[\"registry.terraform.io/hashicorp/aws\"]",
      "instances": [
        {
          "schema_version": 1,
          "attributes": {
            "arn": "arn:aws:ec2:sa-east-1:279304819166:vpc/vpc-0b8da811de0613517",
            "assign_generated_ipv6_cidr_block": false,
            "cidr_block": "10.0.0.0/16",
            "default_network_acl_id": "acl-0f6a00aa06cb3ce22",
            "default_route_table_id": "rtb-0ea7442b17ae03467",
            "default_security_group_id": "sg-0bcdec69b1ab815e7",
            "dhcp_options_id": "dopt-0d9c80ff6c4f56de4",
            "enable_classiclink": false,
            "enable_classiclink_dns_support": false,
            "enable_dns_hostnames": false,
            "enable_dns_support": true,
            "id": "vpc-0b8da811de0613517",
            "instance_tenancy": "default",
            "ipv4_ipam_pool_id": null,
            "ipv4_netmask_length": null,
            "ipv6_association_id": "",
            "ipv6_cidr_block": "",
            "ipv6_cidr_block_network_border_group": "",
            "ipv6_ipam_pool_id": "",
            "ipv6_netmask_length": 0,
            "main_route_table_id": "rtb-0ea7442b17ae03467",
            "owner_id": "279304819166",
            "tags": {
              "Name": "inputtest"
            },
            "tags_all": {
              "Name": "inputtest"
            }
          },
          "sensitive_attributes": [],
          "private": "eyJzY2hlbWFfdmVyc2lvbiI6IjEifQ=="
        }
      ]
    }
  ]
}
